// !$*UTF8*$!
{
	archiveVersion = 1;
	classes = {
	};
	objectVersion = 56;
	objects = {

/* Begin PBXBuildFile section */
		EFC2A22428F203FD00A031FD /* Firebase_LoginApp.swift in Sources */ = {isa = PBXBuildFile; fileRef = EFC2A22328F203FD00A031FD /* Firebase_LoginApp.swift */; };
		EFC2A22628F203FD00A031FD /* ContentView.swift in Sources */ = {isa = PBXBuildFile; fileRef = EFC2A22528F203FD00A031FD /* ContentView.swift */; };
		EFC2A22828F203FE00A031FD /* Assets.xcassets in Resources */ = {isa = PBXBuildFile; fileRef = EFC2A22728F203FE00A031FD /* Assets.xcassets */; };
		EFC2A22B28F203FE00A031FD /* Preview Assets.xcassets in Resources */ = {isa = PBXBuildFile; fileRef = EFC2A22A28F203FE00A031FD /* Preview Assets.xcassets */; };
		EFC2A23228F2044900A031FD /* UserInfo.swift in Sources */ = {isa = PBXBuildFile; fileRef = EFC2A23128F2044900A031FD /* UserInfo.swift */; };
		EFC2A23628F209D500A031FD /* LoginView.swift in Sources */ = {isa = PBXBuildFile; fileRef = EFC2A23528F209D500A031FD /* LoginView.swift */; };
		EFC2A23828F20A2B00A031FD /* HomeView.swift in Sources */ = {isa = PBXBuildFile; fileRef = EFC2A23728F20A2B00A031FD /* HomeView.swift */; };
		EFE215ED28FF548F005F468A /* UserViewModel.swift in Sources */ = {isa = PBXBuildFile; fileRef = EFE215EC28FF548F005F468A /* UserViewModel.swift */; };
		EFE215F328FF5BD7005F468A /* ForgotPasswordView.swift in Sources */ = {isa = PBXBuildFile; fileRef = EFE215F228FF5BD7005F468A /* ForgotPasswordView.swift */; };
		EFE215F528FF5BE7005F468A /* SignUpView.swift in Sources */ = {isa = PBXBuildFile; fileRef = EFE215F428FF5BE7005F468A /* SignUpView.swift */; };
		EFE215F728FF5BF8005F468A /* SignInWithEmailView.swift in Sources */ = {isa = PBXBuildFile; fileRef = EFE215F628FF5BF8005F468A /* SignInWithEmailView.swift */; };
/* End PBXBuildFile section */

/* Begin PBXFileReference section */
		EFC2A22028F203FD00A031FD /* Firebase Login.app */ = {isa = PBXFileReference; explicitFileType = wrapper.application; includeInIndex = 0; path = "Firebase Login.app"; sourceTree = BUILT_PRODUCTS_DIR; };
		EFC2A22328F203FD00A031FD /* Firebase_LoginApp.swift */ = {isa = PBXFileReference; lastKnownFileType = sourcecode.swift; path = Firebase_LoginApp.swift; sourceTree = "<group>"; };
		EFC2A22528F203FD00A031FD /* ContentView.swift */ = {isa = PBXFileReference; lastKnownFileType = sourcecode.swift; path = ContentView.swift; sourceTree = "<group>"; };
		EFC2A22728F203FE00A031FD /* Assets.xcassets */ = {isa = PBXFileReference; lastKnownFileType = folder.assetcatalog; path = Assets.xcassets; sourceTree = "<group>"; };
		EFC2A22A28F203FE00A031FD /* Preview Assets.xcassets */ = {isa = PBXFileReference; lastKnownFileType = folder.assetcatalog; path = "Preview Assets.xcassets"; sourceTree = "<group>"; };
		EFC2A23128F2044900A031FD /* UserInfo.swift */ = {isa = PBXFileReference; lastKnownFileType = sourcecode.swift; path = UserInfo.swift; sourceTree = "<group>"; };
		EFC2A23528F209D500A031FD /* LoginView.swift */ = {isa = PBXFileReference; lastKnownFileType = sourcecode.swift; path = LoginView.swift; sourceTree = "<group>"; };
		EFC2A23728F20A2B00A031FD /* HomeView.swift */ = {isa = PBXFileReference; lastKnownFileType = sourcecode.swift; path = HomeView.swift; sourceTree = "<group>"; };
		EFE215EC28FF548F005F468A /* UserViewModel.swift */ = {isa = PBXFileReference; lastKnownFileType = sourcecode.swift; path = UserViewModel.swift; sourceTree = "<group>"; };
		EFE215F228FF5BD7005F468A /* ForgotPasswordView.swift */ = {isa = PBXFileReference; lastKnownFileType = sourcecode.swift; path = ForgotPasswordView.swift; sourceTree = "<group>"; };
		EFE215F428FF5BE7005F468A /* SignUpView.swift */ = {isa = PBXFileReference; lastKnownFileType = sourcecode.swift; path = SignUpView.swift; sourceTree = "<group>"; };
		EFE215F628FF5BF8005F468A /* SignInWithEmailView.swift */ = {isa = PBXFileReference; lastKnownFileType = sourcecode.swift; path = SignInWithEmailView.swift; sourceTree = "<group>"; };
/* End PBXFileReference section */

/* Begin PBXFrameworksBuildPhase section */
		EFC2A21D28F203FD00A031FD /* Frameworks */ = {
			isa = PBXFrameworksBuildPhase;
			buildActionMask = 2147483647;
			files = (
			);
			runOnlyForDeploymentPostprocessing = 0;
		};
/* End PBXFrameworksBuildPhase section */

/* Begin PBXGroup section */
		EFC2A21728F203FD00A031FD = {
			isa = PBXGroup;
			children = (
				EFC2A22228F203FD00A031FD /* Firebase Login */,
				EFC2A22128F203FD00A031FD /* Products */,
			);
			sourceTree = "<group>";
		};
		EFC2A22128F203FD00A031FD /* Products */ = {
			isa = PBXGroup;
			children = (
				EFC2A22028F203FD00A031FD /* Firebase Login.app */,
			);
			name = Products;
			sourceTree = "<group>";
		};
		EFC2A22228F203FD00A031FD /* Firebase Login */ = {
			isa = PBXGroup;
			children = (
				EFE215EE28FF5B60005F468A /* Firebase */,
				EFC2A22328F203FD00A031FD /* Firebase_LoginApp.swift */,
				EFC2A22528F203FD00A031FD /* ContentView.swift */,
				EFC2A22728F203FE00A031FD /* Assets.xcassets */,
				EFC2A22928F203FE00A031FD /* Preview Content */,
				EFC2A23128F2044900A031FD /* UserInfo.swift */,
				EFC2A23728F20A2B00A031FD /* HomeView.swift */,
			);
			path = "Firebase Login";
			sourceTree = "<group>";
		};
		EFC2A22928F203FE00A031FD /* Preview Content */ = {
			isa = PBXGroup;
			children = (
				EFC2A22A28F203FE00A031FD /* Preview Assets.xcassets */,
			);
			path = "Preview Content";
			sourceTree = "<group>";
		};
		EFE215EE28FF5B60005F468A /* Firebase */ = {
			isa = PBXGroup;
			children = (
				EFE215F128FF5B81005F468A /* Auth */,
				EFE215F028FF5B75005F468A /* Firestore */,
				EFE215EF28FF5B70005F468A /* Views */,
			);
			path = Firebase;
			sourceTree = "<group>";
		};
		EFE215EF28FF5B70005F468A /* Views */ = {
			isa = PBXGroup;
			children = (
				EFC2A23528F209D500A031FD /* LoginView.swift */,
				EFE215F228FF5BD7005F468A /* ForgotPasswordView.swift */,
				EFE215F428FF5BE7005F468A /* SignUpView.swift */,
				EFE215F628FF5BF8005F468A /* SignInWithEmailView.swift */,
			);
			path = Views;
			sourceTree = "<group>";
		};
		EFE215F028FF5B75005F468A /* Firestore */ = {
			isa = PBXGroup;
			children = (
			);
			path = Firestore;
			sourceTree = "<group>";
		};
		EFE215F128FF5B81005F468A /* Auth */ = {
			isa = PBXGroup;
			children = (
				EFE215EC28FF548F005F468A /* UserViewModel.swift */,
			);
			path = Auth;
			sourceTree = "<group>";
		};
/* End PBXGroup section */

/* Begin PBXNativeTarget section */
		EFC2A21F28F203FD00A031FD /* Firebase Login */ = {
			isa = PBXNativeTarget;
			buildConfigurationList = EFC2A22E28F203FE00A031FD /* Build configuration list for PBXNativeTarget "Firebase Login" */;
			buildPhases = (
				EFC2A21C28F203FD00A031FD /* Sources */,
				EFC2A21D28F203FD00A031FD /* Frameworks */,
				EFC2A21E28F203FD00A031FD /* Resources */,
			);
			buildRules = (
			);
			dependencies = (
			);
			name = "Firebase Login";
			productName = "Firebase Login";
			productReference = EFC2A22028F203FD00A031FD /* Firebase Login.app */;
			productType = "com.apple.product-type.application";
		};
/* End PBXNativeTarget section */

/* Begin PBXProject section */
		EFC2A21828F203FD00A031FD /* Project object */ = {
			isa = PBXProject;
			attributes = {
				BuildIndependentTargetsInParallel = 1;
				LastSwiftUpdateCheck = 1400;
				LastUpgradeCheck = 1400;
				TargetAttributes = {
					EFC2A21F28F203FD00A031FD = {
						CreatedOnToolsVersion = 14.0.1;
					};
				};
			};
			buildConfigurationList = EFC2A21B28F203FD00A031FD /* Build configuration list for PBXProject "Firebase Login" */;
			compatibilityVersion = "Xcode 14.0";
			developmentRegion = en;
			hasScannedForEncodings = 0;
			knownRegions = (
				en,
				Base,
			);
			mainGroup = EFC2A21728F203FD00A031FD;
			productRefGroup = EFC2A22128F203FD00A031FD /* Products */;
			projectDirPath = "";
			projectRoot = "";
			targets = (
				EFC2A21F28F203FD00A031FD /* Firebase Login */,
			);
		};
/* End PBXProject section */

/* Begin PBXResourcesBuildPhase section */
		EFC2A21E28F203FD00A031FD /* Resources */ = {
			isa = PBXResourcesBuildPhase;
			buildActionMask = 2147483647;
			files = (
				EFC2A22B28F203FE00A031FD /* Preview Assets.xcassets in Resources */,
				EFC2A22828F203FE00A031FD /* Assets.xcassets in Resources */,
			);
			runOnlyForDeploymentPostprocessing = 0;
		};
/* End PBXResourcesBuildPhase section */

/* Begin PBXSourcesBuildPhase section */
		EFC2A21C28F203FD00A031FD /* Sources */ = {
			isa = PBXSourcesBuildPhase;
			buildActionMask = 2147483647;
			files = (
				EFE215F728FF5BF8005F468A /* SignInWithEmailView.swift in Sources */,
				EFC2A22628F203FD00A031FD /* ContentView.swift in Sources */,
				EFE215F328FF5BD7005F468A /* ForgotPasswordView.swift in Sources */,
				EFE215ED28FF548F005F468A /* UserViewModel.swift in Sources */,
				EFC2A23228F2044900A031FD /* UserInfo.swift in Sources */,
				EFE215F528FF5BE7005F468A /* SignUpView.swift in Sources */,
				EFC2A23628F209D500A031FD /* LoginView.swift in Sources */,
				EFC2A23828F20A2B00A031FD /* HomeView.swift in Sources */,
				EFC2A22428F203FD00A031FD /* Firebase_LoginApp.swift in Sources */,
			);
			runOnlyForDeploymentPostprocessing = 0;
		};
/* End PBXSourcesBuildPhase section */

/* Begin XCBuildConfiguration section */
		EFC2A22C28F203FE00A031FD /* Debug */ = {
			isa = XCBuildConfiguration;
			buildSettings = {
				ALWAYS_SEARCH_USER_PATHS = NO;
				CLANG_ANALYZER_NONNULL = YES;
				CLANG_ANALYZER_NUMBER_OBJECT_CONVERSION = YES_AGGRESSIVE;
				CLANG_CXX_LANGUAGE_STANDARD = "gnu++20";
				CLANG_ENABLE_MODULES = YES;
				CLANG_ENABLE_OBJC_ARC = YES;
				CLANG_ENABLE_OBJC_WEAK = YES;
				CLANG_WARN_BLOCK_CAPTURE_AUTORELEASING = YES;
				CLANG_WARN_BOOL_CONVERSION = YES;
				CLANG_WARN_COMMA = YES;
				CLANG_WARN_CONSTANT_CONVERSION = YES;
				CLANG_WARN_DEPRECATED_OBJC_IMPLEMENTATIONS = YES;
				CLANG_WARN_DIRECT_OBJC_ISA_USAGE = YES_ERROR;
				CLANG_WARN_DOCUMENTATION_COMMENTS = YES;
				CLANG_WARN_EMPTY_BODY = YES;
				CLANG_WARN_ENUM_CONVERSION = YES;
				CLANG_WARN_INFINITE_RECURSION = YES;
				CLANG_WARN_INT_CONVERSION = YES;
				CLANG_WARN_NON_LITERAL_NULL_CONVERSION = YES;
				CLANG_WARN_OBJC_IMPLICIT_RETAIN_SELF = YES;
				CLANG_WARN_OBJC_LITERAL_CONVERSION = YES;
				CLANG_WARN_OBJC_ROOT_CLASS = YES_ERROR;
				CLANG_WARN_QUOTED_INCLUDE_IN_FRAMEWORK_HEADER = YES;
				CLANG_WARN_RANGE_LOOP_ANALYSIS = YES;
				CLANG_WARN_STRICT_PROTOTYPES = YES;
				CLANG_WARN_SUSPICIOUS_MOVE = YES;
				CLANG_WARN_UNGUARDED_AVAILABILITY = YES_AGGRESSIVE;
				CLANG_WARN_UNREACHABLE_CODE = YES;
				CLANG_WARN__DUPLICATE_METHOD_MATCH = YES;
				COPY_PHASE_STRIP = NO;
				DEBUG_INFORMATION_FORMAT = dwarf;
				ENABLE_STRICT_OBJC_MSGSEND = YES;
				ENABLE_TESTABILITY = YES;
				GCC_C_LANGUAGE_STANDARD = gnu11;
				GCC_DYNAMIC_NO_PIC = NO;
				GCC_NO_COMMON_BLOCKS = YES;
				GCC_OPTIMIZATION_LEVEL = 0;
				GCC_PREPROCESSOR_DEFINITIONS = (
					"DEBUG=1",
					"$(inherited)",
				);
				GCC_WARN_64_TO_32_BIT_CONVERSION = YES;
				GCC_WARN_ABOUT_RETURN_TYPE = YES_ERROR;
				GCC_WARN_UNDECLARED_SELECTOR = YES;
				GCC_WARN_UNINITIALIZED_AUTOS = YES_AGGRESSIVE;
				GCC_WARN_UNUSED_FUNCTION = YES;
				GCC_WARN_UNUSED_VARIABLE = YES;
				IPHONEOS_DEPLOYMENT_TARGET = 16.0;
				MTL_ENABLE_DEBUG_INFO = INCLUDE_SOURCE;
				MTL_FAST_MATH = YES;
				ONLY_ACTIVE_ARCH = YES;
				SDKROOT = iphoneos;
				SWIFT_ACTIVE_COMPILATION_CONDITIONS = DEBUG;
				SWIFT_OPTIMIZATION_LEVEL = "-Onone";
			};
			name = Debug;
		};
		EFC2A22D28F203FE00A031FD /* Release */ = {
			isa = XCBuildConfiguration;
			buildSettings = {
				ALWAYS_SEARCH_USER_PATHS = NO;
				CLANG_ANALYZER_NONNULL = YES;
				CLANG_ANALYZER_NUMBER_OBJECT_CONVERSION = YES_AGGRESSIVE;
				CLANG_CXX_LANGUAGE_STANDARD = "gnu++20";
				CLANG_ENABLE_MODULES = YES;
				CLANG_ENABLE_OBJC_ARC = YES;
				CLANG_ENABLE_OBJC_WEAK = YES;
				CLANG_WARN_BLOCK_CAPTURE_AUTORELEASING = YES;
				CLANG_WARN_BOOL_CONVERSION = YES;
				CLANG_WARN_COMMA = YES;
				CLANG_WARN_CONSTANT_CONVERSION = YES;
				CLANG_WARN_DEPRECATED_OBJC_IMPLEMENTATIONS = YES;
				CLANG_WARN_DIRECT_OBJC_ISA_USAGE = YES_ERROR;
				CLANG_WARN_DOCUMENTATION_COMMENTS = YES;
				CLANG_WARN_EMPTY_BODY = YES;
				CLANG_WARN_ENUM_CONVERSION = YES;
				CLANG_WARN_INFINITE_RECURSION = YES;
				CLANG_WARN_INT_CONVERSION = YES;
				CLANG_WARN_NON_LITERAL_NULL_CONVERSION = YES;
				CLANG_WARN_OBJC_IMPLICIT_RETAIN_SELF = YES;
				CLANG_WARN_OBJC_LITERAL_CONVERSION = YES;
				CLANG_WARN_OBJC_ROOT_CLASS = YES_ERROR;
				CLANG_WARN_QUOTED_INCLUDE_IN_FRAMEWORK_HEADER = YES;
				CLANG_WARN_RANGE_LOOP_ANALYSIS = YES;
				CLANG_WARN_STRICT_PROTOTYPES = YES;
				CLANG_WARN_SUSPICIOUS_MOVE = YES;
				CLANG_WARN_UNGUARDED_AVAILABILITY = YES_AGGRESSIVE;
				CLANG_WARN_UNREACHABLE_CODE = YES;
				CLANG_WARN__DUPLICATE_METHOD_MATCH = YES;
				COPY_PHASE_STRIP = NO;
				DEBUG_INFORMATION_FORMAT = "dwarf-with-dsym";
				ENABLE_NS_ASSERTIONS = NO;
				ENABLE_STRICT_OBJC_MSGSEND = YES;
				GCC_C_LANGUAGE_STANDARD = gnu11;
				GCC_NO_COMMON_BLOCKS = YES;
				GCC_WARN_64_TO_32_BIT_CONVERSION = YES;
				GCC_WARN_ABOUT_RETURN_TYPE = YES_ERROR;
				GCC_WARN_UNDECLARED_SELECTOR = YES;
				GCC_WARN_UNINITIALIZED_AUTOS = YES_AGGRESSIVE;
				GCC_WARN_UNUSED_FUNCTION = YES;
				GCC_WARN_UNUSED_VARIABLE = YES;
				IPHONEOS_DEPLOYMENT_TARGET = 16.0;
				MTL_ENABLE_DEBUG_INFO = NO;
				MTL_FAST_MATH = YES;
				SDKROOT = iphoneos;
				SWIFT_COMPILATION_MODE = wholemodule;
				SWIFT_OPTIMIZATION_LEVEL = "-O";
				VALIDATE_PRODUCT = YES;
			};
			name = Release;
		};
		EFC2A22F28F203FE00A031FD /* Debug */ = {
			isa = XCBuildConfiguration;
			buildSettings = {
				ASSETCATALOG_COMPILER_APPICON_NAME = AppIcon;
				ASSETCATALOG_COMPILER_GLOBAL_ACCENT_COLOR_NAME = AccentColor;
				CODE_SIGN_STYLE = Automatic;
				CURRENT_PROJECT_VERSION = 1;
				DEVELOPMENT_ASSET_PATHS = "\"Firebase Login/Preview Content\"";
				DEVELOPMENT_TEAM = 2LZ646UF7C;
				ENABLE_PREVIEWS = YES;
				GENERATE_INFOPLIST_FILE = YES;
				INFOPLIST_KEY_UIApplicationSceneManifest_Generation = YES;
				INFOPLIST_KEY_UIApplicationSupportsIndirectInputEvents = YES;
				INFOPLIST_KEY_UILaunchScreen_Generation = YES;
				INFOPLIST_KEY_UISupportedInterfaceOrientations_iPad = "UIInterfaceOrientationPortrait UIInterfaceOrientationPortraitUpsideDown UIInterfaceOrientationLandscapeLeft UIInterfaceOrientationLandscapeRight";
				INFOPLIST_KEY_UISupportedInterfaceOrientations_iPhone = "UIInterfaceOrientationPortrait UIInterfaceOrientationLandscapeLeft UIInterfaceOrientationLandscapeRight";
				LD_RUNPATH_SEARCH_PATHS = (
					"$(inherited)",
					"@executable_path/Frameworks",
				);
				MARKETING_VERSION = 1.0;
				PRODUCT_BUNDLE_IDENTIFIER = "com.adriandeleon.Firebase-Login";
				PRODUCT_NAME = "$(TARGET_NAME)";
				SWIFT_EMIT_LOC_STRINGS = YES;
				SWIFT_VERSION = 5.0;
				TARGETED_DEVICE_FAMILY = "1,2";
			};
			name = Debug;
		};
		EFC2A23028F203FE00A031FD /* Release */ = {
			isa = XCBuildConfiguration;
			buildSettings = {
				ASSETCATALOG_COMPILER_APPICON_NAME = AppIcon;
				ASSETCATALOG_COMPILER_GLOBAL_ACCENT_COLOR_NAME = AccentColor;
				CODE_SIGN_STYLE = Automatic;
				CURRENT_PROJECT_VERSION = 1;
				DEVELOPMENT_ASSET_PATHS = "\"Firebase Login/Preview Content\"";
				DEVELOPMENT_TEAM = 2LZ646UF7C;
				ENABLE_PREVIEWS = YES;
				GENERATE_INFOPLIST_FILE = YES;
				INFOPLIST_KEY_UIApplicationSceneManifest_Generation = YES;
				INFOPLIST_KEY_UIApplicationSupportsIndirectInputEvents = YES;
				INFOPLIST_KEY_UILaunchScreen_Generation = YES;
				INFOPLIST_KEY_UISupportedInterfaceOrientations_iPad = "UIInterfaceOrientationPortrait UIInterfaceOrientationPortraitUpsideDown UIInterfaceOrientationLandscapeLeft UIInterfaceOrientationLandscapeRight";
				INFOPLIST_KEY_UISupportedInterfaceOrientations_iPhone = "UIInterfaceOrientationPortrait UIInterfaceOrientationLandscapeLeft UIInterfaceOrientationLandscapeRight";
				LD_RUNPATH_SEARCH_PATHS = (
					"$(inherited)",
					"@executable_path/Frameworks",
				);
				MARKETING_VERSION = 1.0;
				PRODUCT_BUNDLE_IDENTIFIER = "com.adriandeleon.Firebase-Login";
				PRODUCT_NAME = "$(TARGET_NAME)";
				SWIFT_EMIT_LOC_STRINGS = YES;
				SWIFT_VERSION = 5.0;
				TARGETED_DEVICE_FAMILY = "1,2";
			};
			name = Release;
		};
/* End XCBuildConfiguration section */

/* Begin XCConfigurationList section */
		EFC2A21B28F203FD00A031FD /* Build configuration list for PBXProject "Firebase Login" */ = {
			isa = XCConfigurationList;
			buildConfigurations = (
				EFC2A22C28F203FE00A031FD /* Debug */,
				EFC2A22D28F203FE00A031FD /* Release */,
			);
			defaultConfigurationIsVisible = 0;
			defaultConfigurationName = Release;
		};
		EFC2A22E28F203FE00A031FD /* Build configuration list for PBXNativeTarget "Firebase Login" */ = {
			isa = XCConfigurationList;
			buildConfigurations = (
				EFC2A22F28F203FE00A031FD /* Debug */,
				EFC2A23028F203FE00A031FD /* Release */,
			);
			defaultConfigurationIsVisible = 0;
			defaultConfigurationName = Release;
		};
/* End XCConfigurationList section */
	};
	rootObject = EFC2A21828F203FD00A031FD /* Project object */;
}
